// !$*UTF8*$!
{
	archiveVersion = 1;
	classes = {
	};
	objectVersion = 46;
	objects = {

/* Begin PBXBuildFile section */
		1CD329EA1F073A4600858A6D /* main.m in Sources */ = {isa = PBXBuildFile; fileRef = 1CD329E91F073A4600858A6D /* main.m */; };
		1CD329ED1F073A4600858A6D /* AppDelegate.m in Sources */ = {isa = PBXBuildFile; fileRef = 1CD329EC1F073A4600858A6D /* AppDelegate.m */; };
		1CD329F01F073A4600858A6D /* YelpViewController.m in Sources */ = {isa = PBXBuildFile; fileRef = 1CD329EF1F073A4600858A6D /* YelpViewController.m */; };
		1CD329F51F073A4600858A6D /* Assets.xcassets in Resources */ = {isa = PBXBuildFile; fileRef = 1CD329F41F073A4600858A6D /* Assets.xcassets */; };
		1CD329F81F073A4600858A6D /* LaunchScreen.storyboard in Resources */ = {isa = PBXBuildFile; fileRef = 1CD329F61F073A4600858A6D /* LaunchScreen.storyboard */; };
		1CD32A031F073A4700858A6D /* YelpRestaurantsTests.m in Sources */ = {isa = PBXBuildFile; fileRef = 1CD32A021F073A4700858A6D /* YelpRestaurantsTests.m */; };
		1CD32A0E1F073A4700858A6D /* YelpRestaurantsUITests.m in Sources */ = {isa = PBXBuildFile; fileRef = 1CD32A0D1F073A4700858A6D /* YelpRestaurantsUITests.m */; };
		1CD32A1E1F073A9C00858A6D /* YelpNetworking.m in Sources */ = {isa = PBXBuildFile; fileRef = 1CD32A1D1F073A9C00858A6D /* YelpNetworking.m */; };
		1CD32A221F074F6F00858A6D /* YelpDataModel.m in Sources */ = {isa = PBXBuildFile; fileRef = 1CD32A211F074F6F00858A6D /* YelpDataModel.m */; };
		1CD32A281F09A85C00858A6D /* YelpTableViewCell.m in Sources */ = {isa = PBXBuildFile; fileRef = 1CD32A261F09A85C00858A6D /* YelpTableViewCell.m */; };
		1CD32A291F09A85C00858A6D /* YelpTableViewCell.xib in Resources */ = {isa = PBXBuildFile; fileRef = 1CD32A271F09A85C00858A6D /* YelpTableViewCell.xib */; };
		1CD32A2D1F0DD24A00858A6D /* YelpDataStore.m in Sources */ = {isa = PBXBuildFile; fileRef = 1CD32A2C1F0DD24A00858A6D /* YelpDataStore.m */; };
		1CD32A311F0DD51100858A6D /* MapViewController.m in Sources */ = {isa = PBXBuildFile; fileRef = 1CD32A301F0DD51100858A6D /* MapViewController.m */; };
		1CD32A341F0DDC4200858A6D /* YelpAnnotation.m in Sources */ = {isa = PBXBuildFile; fileRef = 1CD32A331F0DDC4200858A6D /* YelpAnnotation.m */; };
		1CD32A371F10748300858A6D /* YelpDetailViewController.m in Sources */ = {isa = PBXBuildFile; fileRef = 1CD32A361F10748300858A6D /* YelpDetailViewController.m */; };
		1CD32A3B1F1075AA00858A6D /* DetailViewHeaderTableViewCell.m in Sources */ = {isa = PBXBuildFile; fileRef = 1CD32A391F1075AA00858A6D /* DetailViewHeaderTableViewCell.m */; };
		1CD32A3C1F1075AA00858A6D /* DetailViewHeaderTableViewCell.xib in Resources */ = {isa = PBXBuildFile; fileRef = 1CD32A3A1F1075AA00858A6D /* DetailViewHeaderTableViewCell.xib */; };
		1CD32A401F10824600858A6D /* MapTableViewCell.m in Sources */ = {isa = PBXBuildFile; fileRef = 1CD32A3E1F10824600858A6D /* MapTableViewCell.m */; };
		1CD32A411F10824600858A6D /* MapTableViewCell.xib in Resources */ = {isa = PBXBuildFile; fileRef = 1CD32A3F1F10824600858A6D /* MapTableViewCell.xib */; };
		2A763C1B843489AA07FA1146 /* libPods-YelpStudy.a in Frameworks */ = {isa = PBXBuildFile; fileRef = F566553C6FCF6E817AEB34E1 /* libPods-YelpStudy.a */; };
/* End PBXBuildFile section */

/* Begin PBXContainerItemProxy section */
		1CD329FF1F073A4700858A6D /* PBXContainerItemProxy */ = {
			isa = PBXContainerItemProxy;
			containerPortal = 1CD329DD1F073A4600858A6D /* Project object */;
			proxyType = 1;
			remoteGlobalIDString = 1CD329E41F073A4600858A6D;
			remoteInfo = YelpStudy;
		};
		1CD32A0A1F073A4700858A6D /* PBXContainerItemProxy */ = {
			isa = PBXContainerItemProxy;
			containerPortal = 1CD329DD1F073A4600858A6D /* Project object */;
			proxyType = 1;
			remoteGlobalIDString = 1CD329E41F073A4600858A6D;
			remoteInfo = YelpStudy;
		};
/* End PBXContainerItemProxy section */

/* Begin PBXFileReference section */
		1CD329E51F073A4600858A6D /* YelpStudy.app */ = {isa = PBXFileReference; explicitFileType = wrapper.application; includeInIndex = 0; path = YelpStudy.app; sourceTree = BUILT_PRODUCTS_DIR; };
		1CD329E91F073A4600858A6D /* main.m */ = {isa = PBXFileReference; lastKnownFileType = sourcecode.c.objc; path = main.m; sourceTree = "<group>"; };
		1CD329EB1F073A4600858A6D /* AppDelegate.h */ = {isa = PBXFileReference; lastKnownFileType = sourcecode.c.h; path = AppDelegate.h; sourceTree = "<group>"; };
		1CD329EC1F073A4600858A6D /* AppDelegate.m */ = {isa = PBXFileReference; lastKnownFileType = sourcecode.c.objc; path = AppDelegate.m; sourceTree = "<group>"; };
		1CD329EE1F073A4600858A6D /* YelpViewController.h */ = {isa = PBXFileReference; lastKnownFileType = sourcecode.c.h; path = YelpViewController.h; sourceTree = "<group>"; };
		1CD329EF1F073A4600858A6D /* YelpViewController.m */ = {isa = PBXFileReference; lastKnownFileType = sourcecode.c.objc; path = YelpViewController.m; sourceTree = "<group>"; };
		1CD329F41F073A4600858A6D /* Assets.xcassets */ = {isa = PBXFileReference; lastKnownFileType = folder.assetcatalog; path = Assets.xcassets; sourceTree = "<group>"; };
		1CD329F71F073A4600858A6D /* Base */ = {isa = PBXFileReference; lastKnownFileType = file.storyboard; name = Base; path = Base.lproj/LaunchScreen.storyboard; sourceTree = "<group>"; };
		1CD329F91F073A4600858A6D /* Info.plist */ = {isa = PBXFileReference; lastKnownFileType = text.plist.xml; path = Info.plist; sourceTree = "<group>"; };
		1CD329FE1F073A4700858A6D /* YelpStudyTests.xctest */ = {isa = PBXFileReference; explicitFileType = wrapper.cfbundle; includeInIndex = 0; path = YelpStudyTests.xctest; sourceTree = BUILT_PRODUCTS_DIR; };
		1CD32A021F073A4700858A6D /* YelpRestaurantsTests.m */ = {isa = PBXFileReference; lastKnownFileType = sourcecode.c.objc; path = YelpRestaurantsTests.m; sourceTree = "<group>"; };
		1CD32A041F073A4700858A6D /* Info.plist */ = {isa = PBXFileReference; lastKnownFileType = text.plist.xml; path = Info.plist; sourceTree = "<group>"; };
		1CD32A091F073A4700858A6D /* YelpStudyUITests.xctest */ = {isa = PBXFileReference; explicitFileType = wrapper.cfbundle; includeInIndex = 0; path = YelpStudyUITests.xctest; sourceTree = BUILT_PRODUCTS_DIR; };
		1CD32A0D1F073A4700858A6D /* YelpRestaurantsUITests.m */ = {isa = PBXFileReference; lastKnownFileType = sourcecode.c.objc; path = YelpRestaurantsUITests.m; sourceTree = "<group>"; };
		1CD32A0F1F073A4700858A6D /* Info.plist */ = {isa = PBXFileReference; lastKnownFileType = text.plist.xml; path = Info.plist; sourceTree = "<group>"; };
		1CD32A1C1F073A9C00858A6D /* YelpNetworking.h */ = {isa = PBXFileReference; fileEncoding = 4; lastKnownFileType = sourcecode.c.h; path = YelpNetworking.h; sourceTree = "<group>"; };
		1CD32A1D1F073A9C00858A6D /* YelpNetworking.m */ = {isa = PBXFileReference; fileEncoding = 4; lastKnownFileType = sourcecode.c.objc; path = YelpNetworking.m; sourceTree = "<group>"; };
		1CD32A201F074F6F00858A6D /* YelpDataModel.h */ = {isa = PBXFileReference; fileEncoding = 4; lastKnownFileType = sourcecode.c.h; path = YelpDataModel.h; sourceTree = "<group>"; };
		1CD32A211F074F6F00858A6D /* YelpDataModel.m */ = {isa = PBXFileReference; fileEncoding = 4; lastKnownFileType = sourcecode.c.objc; path = YelpDataModel.m; sourceTree = "<group>"; };
		1CD32A251F09A85C00858A6D /* YelpTableViewCell.h */ = {isa = PBXFileReference; fileEncoding = 4; lastKnownFileType = sourcecode.c.h; path = YelpTableViewCell.h; sourceTree = "<group>"; };
		1CD32A261F09A85C00858A6D /* YelpTableViewCell.m */ = {isa = PBXFileReference; fileEncoding = 4; lastKnownFileType = sourcecode.c.objc; path = YelpTableViewCell.m; sourceTree = "<group>"; };
		1CD32A271F09A85C00858A6D /* YelpTableViewCell.xib */ = {isa = PBXFileReference; fileEncoding = 4; lastKnownFileType = file.xib; path = YelpTableViewCell.xib; sourceTree = "<group>"; };
		1CD32A2B1F0DD24A00858A6D /* YelpDataStore.h */ = {isa = PBXFileReference; fileEncoding = 4; lastKnownFileType = sourcecode.c.h; path = YelpDataStore.h; sourceTree = "<group>"; };
		1CD32A2C1F0DD24A00858A6D /* YelpDataStore.m */ = {isa = PBXFileReference; fileEncoding = 4; lastKnownFileType = sourcecode.c.objc; path = YelpDataStore.m; sourceTree = "<group>"; };
		1CD32A2F1F0DD51100858A6D /* MapViewController.h */ = {isa = PBXFileReference; fileEncoding = 4; lastKnownFileType = sourcecode.c.h; path = MapViewController.h; sourceTree = "<group>"; };
		1CD32A301F0DD51100858A6D /* MapViewController.m */ = {isa = PBXFileReference; fileEncoding = 4; lastKnownFileType = sourcecode.c.objc; path = MapViewController.m; sourceTree = "<group>"; };
		1CD32A321F0DDC4200858A6D /* YelpAnnotation.h */ = {isa = PBXFileReference; fileEncoding = 4; lastKnownFileType = sourcecode.c.h; path = YelpAnnotation.h; sourceTree = "<group>"; };
		1CD32A331F0DDC4200858A6D /* YelpAnnotation.m */ = {isa = PBXFileReference; fileEncoding = 4; lastKnownFileType = sourcecode.c.objc; path = YelpAnnotation.m; sourceTree = "<group>"; };
		1CD32A351F10748300858A6D /* YelpDetailViewController.h */ = {isa = PBXFileReference; fileEncoding = 4; lastKnownFileType = sourcecode.c.h; path = YelpDetailViewController.h; sourceTree = "<group>"; };
		1CD32A361F10748300858A6D /* YelpDetailViewController.m */ = {isa = PBXFileReference; fileEncoding = 4; lastKnownFileType = sourcecode.c.objc; path = YelpDetailViewController.m; sourceTree = "<group>"; };
		1CD32A381F1075AA00858A6D /* DetailViewHeaderTableViewCell.h */ = {isa = PBXFileReference; fileEncoding = 4; lastKnownFileType = sourcecode.c.h; path = DetailViewHeaderTableViewCell.h; sourceTree = "<group>"; };
		1CD32A391F1075AA00858A6D /* DetailViewHeaderTableViewCell.m */ = {isa = PBXFileReference; fileEncoding = 4; lastKnownFileType = sourcecode.c.objc; path = DetailViewHeaderTableViewCell.m; sourceTree = "<group>"; };
		1CD32A3A1F1075AA00858A6D /* DetailViewHeaderTableViewCell.xib */ = {isa = PBXFileReference; fileEncoding = 4; lastKnownFileType = file.xib; path = DetailViewHeaderTableViewCell.xib; sourceTree = "<group>"; };
		1CD32A3D1F10824600858A6D /* MapTableViewCell.h */ = {isa = PBXFileReference; fileEncoding = 4; lastKnownFileType = sourcecode.c.h; path = MapTableViewCell.h; sourceTree = "<group>"; };
		1CD32A3E1F10824600858A6D /* MapTableViewCell.m */ = {isa = PBXFileReference; fileEncoding = 4; lastKnownFileType = sourcecode.c.objc; path = MapTableViewCell.m; sourceTree = "<group>"; };
		1CD32A3F1F10824600858A6D /* MapTableViewCell.xib */ = {isa = PBXFileReference; fileEncoding = 4; lastKnownFileType = file.xib; path = MapTableViewCell.xib; sourceTree = "<group>"; };
		60B2659B283112893F5AA471 /* Pods-YelpStudy.debug.xcconfig */ = {isa = PBXFileReference; includeInIndex = 1; lastKnownFileType = text.xcconfig; name = "Pods-YelpStudy.debug.xcconfig"; path = "Pods/Target Support Files/Pods-YelpStudy/Pods-YelpStudy.debug.xcconfig"; sourceTree = "<group>"; };
		E7A4E5300831B71362E828C8 /* Pods-YelpStudy.release.xcconfig */ = {isa = PBXFileReference; includeInIndex = 1; lastKnownFileType = text.xcconfig; name = "Pods-YelpStudy.release.xcconfig"; path = "Pods/Target Support Files/Pods-YelpStudy/Pods-YelpStudy.release.xcconfig"; sourceTree = "<group>"; };
		F566553C6FCF6E817AEB34E1 /* libPods-YelpStudy.a */ = {isa = PBXFileReference; explicitFileType = archive.ar; includeInIndex = 0; path = "libPods-YelpStudy.a"; sourceTree = BUILT_PRODUCTS_DIR; };
/* End PBXFileReference section */

/* Begin PBXFrameworksBuildPhase section */
		1CD329E21F073A4600858A6D /* Frameworks */ = {
			isa = PBXFrameworksBuildPhase;
			buildActionMask = 2147483647;
			files = (
				2A763C1B843489AA07FA1146 /* libPods-YelpStudy.a in Frameworks */,
			);
			runOnlyForDeploymentPostprocessing = 0;
		};
		1CD329FB1F073A4700858A6D /* Frameworks */ = {
			isa = PBXFrameworksBuildPhase;
			buildActionMask = 2147483647;
			files = (
			);
			runOnlyForDeploymentPostprocessing = 0;
		};
		1CD32A061F073A4700858A6D /* Frameworks */ = {
			isa = PBXFrameworksBuildPhase;
			buildActionMask = 2147483647;
			files = (
			);
			runOnlyForDeploymentPostprocessing = 0;
		};
/* End PBXFrameworksBuildPhase section */

/* Begin PBXGroup section */
		1CD329DC1F073A4600858A6D = {
			isa = PBXGroup;
			children = (
				1CD329E71F073A4600858A6D /* YelpStudy */,
				1CD32A011F073A4700858A6D /* YelpStudyTests */,
				1CD32A0C1F073A4700858A6D /* YelpStudyUITests */,
				1CD329E61F073A4600858A6D /* Products */,
				619B6B3E2B34C12BACEDBFDA /* Pods */,
				7310DA6E4C2E2EFD41CC2AF5 /* Frameworks */,
			);
			sourceTree = "<group>";
		};
		1CD329E61F073A4600858A6D /* Products */ = {
			isa = PBXGroup;
			children = (
				1CD329E51F073A4600858A6D /* YelpStudy.app */,
				1CD329FE1F073A4700858A6D /* YelpStudyTests.xctest */,
				1CD32A091F073A4700858A6D /* YelpStudyUITests.xctest */,
			);
			name = Products;
			sourceTree = "<group>";
		};
		1CD329E71F073A4600858A6D /* YelpStudy */ = {
			isa = PBXGroup;
			children = (
				1CD32A2E1F0DD4E200858A6D /* ViewController */,
				1CD32A2A1F0DD20A00858A6D /* DataStore */,
				1CD32A241F09A80A00858A6D /* View */,
				1CD32A1F1F074F3B00858A6D /* DataModel */,
				1CD32A1B1F073A6A00858A6D /* Networking */,
				1CD329EB1F073A4600858A6D /* AppDelegate.h */,
				1CD329EC1F073A4600858A6D /* AppDelegate.m */,
				1CD329F41F073A4600858A6D /* Assets.xcassets */,
				1CD329F61F073A4600858A6D /* LaunchScreen.storyboard */,
				1CD329F91F073A4600858A6D /* Info.plist */,
				1CD329E81F073A4600858A6D /* Supporting Files */,
			);
			path = YelpStudy;
			sourceTree = "<group>";
		};
		1CD329E81F073A4600858A6D /* Supporting Files */ = {
			isa = PBXGroup;
			children = (
				1CD329E91F073A4600858A6D /* main.m */,
			);
			name = "Supporting Files";
			sourceTree = "<group>";
		};
		1CD32A011F073A4700858A6D /* YelpStudyTests */ = {
			isa = PBXGroup;
			children = (
				1CD32A021F073A4700858A6D /* YelpRestaurantsTests.m */,
				1CD32A041F073A4700858A6D /* Info.plist */,
			);
			path = YelpStudyTests;
			sourceTree = "<group>";
		};
		1CD32A0C1F073A4700858A6D /* YelpStudyUITests */ = {
			isa = PBXGroup;
			children = (
				1CD32A0D1F073A4700858A6D /* YelpRestaurantsUITests.m */,
				1CD32A0F1F073A4700858A6D /* Info.plist */,
			);
			path = YelpStudyUITests;
			sourceTree = "<group>";
		};
		1CD32A1B1F073A6A00858A6D /* Networking */ = {
			isa = PBXGroup;
			children = (
				1CD32A1C1F073A9C00858A6D /* YelpNetworking.h */,
				1CD32A1D1F073A9C00858A6D /* YelpNetworking.m */,
			);
			name = Networking;
			sourceTree = "<group>";
		};
		1CD32A1F1F074F3B00858A6D /* DataModel */ = {
			isa = PBXGroup;
			children = (
				1CD32A201F074F6F00858A6D /* YelpDataModel.h */,
				1CD32A211F074F6F00858A6D /* YelpDataModel.m */,
				1CD32A321F0DDC4200858A6D /* YelpAnnotation.h */,
				1CD32A331F0DDC4200858A6D /* YelpAnnotation.m */,
			);
			name = DataModel;
			sourceTree = "<group>";
		};
		1CD32A241F09A80A00858A6D /* View */ = {
			isa = PBXGroup;
			children = (
				1CD32A251F09A85C00858A6D /* YelpTableViewCell.h */,
				1CD32A261F09A85C00858A6D /* YelpTableViewCell.m */,
				1CD32A271F09A85C00858A6D /* YelpTableViewCell.xib */,
				1CD32A381F1075AA00858A6D /* DetailViewHeaderTableViewCell.h */,
				1CD32A391F1075AA00858A6D /* DetailViewHeaderTableViewCell.m */,
				1CD32A3A1F1075AA00858A6D /* DetailViewHeaderTableViewCell.xib */,
				1CD32A3D1F10824600858A6D /* MapTableViewCell.h */,
				1CD32A3E1F10824600858A6D /* MapTableViewCell.m */,
				1CD32A3F1F10824600858A6D /* MapTableViewCell.xib */,
			);
			name = View;
			sourceTree = "<group>";
		};
		1CD32A2A1F0DD20A00858A6D /* DataStore */ = {
			isa = PBXGroup;
			children = (
				1CD32A2B1F0DD24A00858A6D /* YelpDataStore.h */,
				1CD32A2C1F0DD24A00858A6D /* YelpDataStore.m */,
			);
			name = DataStore;
			sourceTree = "<group>";
		};
		1CD32A2E1F0DD4E200858A6D /* ViewController */ = {
			isa = PBXGroup;
			children = (
				1CD329EE1F073A4600858A6D /* YelpViewController.h */,
				1CD329EF1F073A4600858A6D /* YelpViewController.m */,
				1CD32A2F1F0DD51100858A6D /* MapViewController.h */,
				1CD32A301F0DD51100858A6D /* MapViewController.m */,
				1CD32A351F10748300858A6D /* YelpDetailViewController.h */,
				1CD32A361F10748300858A6D /* YelpDetailViewController.m */,
			);
			name = ViewController;
			sourceTree = "<group>";
		};
		619B6B3E2B34C12BACEDBFDA /* Pods */ = {
			isa = PBXGroup;
			children = (
				60B2659B283112893F5AA471 /* Pods-YelpStudy.debug.xcconfig */,
				E7A4E5300831B71362E828C8 /* Pods-YelpStudy.release.xcconfig */,
			);
			name = Pods;
			sourceTree = "<group>";
		};
		7310DA6E4C2E2EFD41CC2AF5 /* Frameworks */ = {
			isa = PBXGroup;
			children = (
				F566553C6FCF6E817AEB34E1 /* libPods-YelpStudy.a */,
			);
			name = Frameworks;
			sourceTree = "<group>";
		};
/* End PBXGroup section */

/* Begin PBXNativeTarget section */
		1CD329E41F073A4600858A6D /* YelpStudy */ = {
			isa = PBXNativeTarget;
			buildConfigurationList = 1CD32A121F073A4700858A6D /* Build configuration list for PBXNativeTarget "YelpStudy" */;
			buildPhases = (
				0606C5FFBAB25C9B23037457 /* [CP] Check Pods Manifest.lock */,
				1CD329E11F073A4600858A6D /* Sources */,
				1CD329E21F073A4600858A6D /* Frameworks */,
				1CD329E31F073A4600858A6D /* Resources */,
				60813E7D592CEF9AEE531D76 /* [CP] Embed Pods Frameworks */,
				96F2A94F91E6C7AE0AE16D18 /* [CP] Copy Pods Resources */,
			);
			buildRules = (
			);
			dependencies = (
			);
			name = YelpStudy;
			productName = YelpStudy;
			productReference = 1CD329E51F073A4600858A6D /* YelpStudy.app */;
			productType = "com.apple.product-type.application";
		};
		1CD329FD1F073A4700858A6D /* YelpStudyTests */ = {
			isa = PBXNativeTarget;
			buildConfigurationList = 1CD32A151F073A4700858A6D /* Build configuration list for PBXNativeTarget "YelpStudyTests" */;
			buildPhases = (
				1CD329FA1F073A4700858A6D /* Sources */,
				1CD329FB1F073A4700858A6D /* Frameworks */,
				1CD329FC1F073A4700858A6D /* Resources */,
			);
			buildRules = (
			);
			dependencies = (
				1CD32A001F073A4700858A6D /* PBXTargetDependency */,
			);
			name = YelpStudyTests;
			productName = YelpStudyTests;
			productReference = 1CD329FE1F073A4700858A6D /* YelpStudyTests.xctest */;
			productType = "com.apple.product-type.bundle.unit-test";
		};
		1CD32A081F073A4700858A6D /* YelpStudyUITests */ = {
			isa = PBXNativeTarget;
			buildConfigurationList = 1CD32A181F073A4700858A6D /* Build configuration list for PBXNativeTarget "YelpStudyUITests" */;
			buildPhases = (
				1CD32A051F073A4700858A6D /* Sources */,
				1CD32A061F073A4700858A6D /* Frameworks */,
				1CD32A071F073A4700858A6D /* Resources */,
			);
			buildRules = (
			);
			dependencies = (
				1CD32A0B1F073A4700858A6D /* PBXTargetDependency */,
			);
			name = YelpStudyUITests;
			productName = YelpStudyUITests;
			productReference = 1CD32A091F073A4700858A6D /* YelpStudyUITests.xctest */;
			productType = "com.apple.product-type.bundle.ui-testing";
		};
/* End PBXNativeTarget section */

/* Begin PBXProject section */
		1CD329DD1F073A4600858A6D /* Project object */ = {
			isa = PBXProject;
			attributes = {
				LastUpgradeCheck = 0830;
				ORGANIZATIONNAME = "JIANCHU XU";
				TargetAttributes = {
					1CD329E41F073A4600858A6D = {
						CreatedOnToolsVersion = 8.3.3;
						ProvisioningStyle = Automatic;
					};
					1CD329FD1F073A4700858A6D = {
						CreatedOnToolsVersion = 8.3.3;
						ProvisioningStyle = Automatic;
						TestTargetID = 1CD329E41F073A4600858A6D;
					};
					1CD32A081F073A4700858A6D = {
						CreatedOnToolsVersion = 8.3.3;
						ProvisioningStyle = Automatic;
						TestTargetID = 1CD329E41F073A4600858A6D;
					};
				};
			};
			buildConfigurationList = 1CD329E01F073A4600858A6D /* Build configuration list for PBXProject "YelpStudy" */;
			compatibilityVersion = "Xcode 3.2";
			developmentRegion = English;
			hasScannedForEncodings = 0;
			knownRegions = (
				en,
				Base,
			);
			mainGroup = 1CD329DC1F073A4600858A6D;
			productRefGroup = 1CD329E61F073A4600858A6D /* Products */;
			projectDirPath = "";
			projectRoot = "";
			targets = (
				1CD329E41F073A4600858A6D /* YelpStudy */,
				1CD329FD1F073A4700858A6D /* YelpStudyTests */,
				1CD32A081F073A4700858A6D /* YelpStudyUITests */,
			);
		};
/* End PBXProject section */

/* Begin PBXResourcesBuildPhase section */
		1CD329E31F073A4600858A6D /* Resources */ = {
			isa = PBXResourcesBuildPhase;
			buildActionMask = 2147483647;
			files = (
				1CD32A3C1F1075AA00858A6D /* DetailViewHeaderTableViewCell.xib in Resources */,
				1CD329F81F073A4600858A6D /* LaunchScreen.storyboard in Resources */,
				1CD32A291F09A85C00858A6D /* YelpTableViewCell.xib in Resources */,
				1CD32A411F10824600858A6D /* MapTableViewCell.xib in Resources */,
				1CD329F51F073A4600858A6D /* Assets.xcassets in Resources */,
			);
			runOnlyForDeploymentPostprocessing = 0;
		};
		1CD329FC1F073A4700858A6D /* Resources */ = {
			isa = PBXResourcesBuildPhase;
			buildActionMask = 2147483647;
			files = (
			);
			runOnlyForDeploymentPostprocessing = 0;
		};
		1CD32A071F073A4700858A6D /* Resources */ = {
			isa = PBXResourcesBuildPhase;
			buildActionMask = 2147483647;
			files = (
			);
			runOnlyForDeploymentPostprocessing = 0;
		};
/* End PBXResourcesBuildPhase section */

/* Begin PBXShellScriptBuildPhase section */
		0606C5FFBAB25C9B23037457 /* [CP] Check Pods Manifest.lock */ = {
			isa = PBXShellScriptBuildPhase;
			buildActionMask = 2147483647;
			files = (
			);
			inputPaths = (
			);
			name = "[CP] Check Pods Manifest.lock";
			outputPaths = (
			);
			runOnlyForDeploymentPostprocessing = 0;
			shellPath = /bin/sh;
			shellScript = "diff \"${PODS_PODFILE_DIR_PATH}/Podfile.lock\" \"${PODS_ROOT}/Manifest.lock\" > /dev/null\nif [ $? != 0 ] ; then\n    # print error to STDERR\n    echo \"error: The sandbox is not in sync with the Podfile.lock. Run 'pod install' or update your CocoaPods installation.\" >&2\n    exit 1\nfi\n";
			showEnvVarsInLog = 0;
		};
		60813E7D592CEF9AEE531D76 /* [CP] Embed Pods Frameworks */ = {
			isa = PBXShellScriptBuildPhase;
			buildActionMask = 2147483647;
			files = (
			);
			inputPaths = (
			);
			name = "[CP] Embed Pods Frameworks";
			outputPaths = (
			);
			runOnlyForDeploymentPostprocessing = 0;
			shellPath = /bin/sh;
			shellScript = "\"${SRCROOT}/Pods/Target Support Files/Pods-YelpStudy/Pods-YelpStudy-frameworks.sh\"\n";
			showEnvVarsInLog = 0;
		};
		96F2A94F91E6C7AE0AE16D18 /* [CP] Copy Pods Resources */ = {
			isa = PBXShellScriptBuildPhase;
			buildActionMask = 2147483647;
			files = (
			);
			inputPaths = (
			);
			name = "[CP] Copy Pods Resources";
			outputPaths = (
			);
			runOnlyForDeploymentPostprocessing = 0;
			shellPath = /bin/sh;
			shellScript = "\"${SRCROOT}/Pods/Target Support Files/Pods-YelpStudy/Pods-YelpStudy-resources.sh\"\n";
			showEnvVarsInLog = 0;
		};
/* End PBXShellScriptBuildPhase section */

/* Begin PBXSourcesBuildPhase section */
		1CD329E11F073A4600858A6D /* Sources */ = {
			isa = PBXSourcesBuildPhase;
			buildActionMask = 2147483647;
			files = (
				1CD32A3B1F1075AA00858A6D /* DetailViewHeaderTableViewCell.m in Sources */,
				1CD329F01F073A4600858A6D /* YelpViewController.m in Sources */,
				1CD32A1E1F073A9C00858A6D /* YelpNetworking.m in Sources */,
				1CD32A2D1F0DD24A00858A6D /* YelpDataStore.m in Sources */,
				1CD32A371F10748300858A6D /* YelpDetailViewController.m in Sources */,
				1CD32A311F0DD51100858A6D /* MapViewController.m in Sources */,
				1CD32A401F10824600858A6D /* MapTableViewCell.m in Sources */,
				1CD329ED1F073A4600858A6D /* AppDelegate.m in Sources */,
				1CD32A281F09A85C00858A6D /* YelpTableViewCell.m in Sources */,
				1CD32A221F074F6F00858A6D /* YelpDataModel.m in Sources */,
				1CD32A341F0DDC4200858A6D /* YelpAnnotation.m in Sources */,
				1CD329EA1F073A4600858A6D /* main.m in Sources */,
			);
			runOnlyForDeploymentPostprocessing = 0;
		};
		1CD329FA1F073A4700858A6D /* Sources */ = {
			isa = PBXSourcesBuildPhase;
			buildActionMask = 2147483647;
			files = (
				1CD32A031F073A4700858A6D /* YelpRestaurantsTests.m in Sources */,
			);
			runOnlyForDeploymentPostprocessing = 0;
		};
		1CD32A051F073A4700858A6D /* Sources */ = {
			isa = PBXSourcesBuildPhase;
			buildActionMask = 2147483647;
			files = (
				1CD32A0E1F073A4700858A6D /* YelpRestaurantsUITests.m in Sources */,
			);
			runOnlyForDeploymentPostprocessing = 0;
		};
/* End PBXSourcesBuildPhase section */

/* Begin PBXTargetDependency section */
		1CD32A001F073A4700858A6D /* PBXTargetDependency */ = {
			isa = PBXTargetDependency;
			target = 1CD329E41F073A4600858A6D /* YelpStudy */;
			targetProxy = 1CD329FF1F073A4700858A6D /* PBXContainerItemProxy */;
		};
		1CD32A0B1F073A4700858A6D /* PBXTargetDependency */ = {
			isa = PBXTargetDependency;
			target = 1CD329E41F073A4600858A6D /* YelpStudy */;
			targetProxy = 1CD32A0A1F073A4700858A6D /* PBXContainerItemProxy */;
		};
/* End PBXTargetDependency section */

/* Begin PBXVariantGroup section */
		1CD329F61F073A4600858A6D /* LaunchScreen.storyboard */ = {
			isa = PBXVariantGroup;
			children = (
				1CD329F71F073A4600858A6D /* Base */,
			);
			name = LaunchScreen.storyboard;
			sourceTree = "<group>";
		};
/* End PBXVariantGroup section */

/* Begin XCBuildConfiguration section */
		1CD32A101F073A4700858A6D /* Debug */ = {
			isa = XCBuildConfiguration;
			buildSettings = {
				ALWAYS_SEARCH_USER_PATHS = NO;
				CLANG_ANALYZER_NONNULL = YES;
				CLANG_ANALYZER_NUMBER_OBJECT_CONVERSION = YES_AGGRESSIVE;
				CLANG_CXX_LANGUAGE_STANDARD = "gnu++0x";
				CLANG_CXX_LIBRARY = "libc++";
				CLANG_ENABLE_MODULES = YES;
				CLANG_ENABLE_OBJC_ARC = YES;
				CLANG_WARN_BOOL_CONVERSION = YES;
				CLANG_WARN_CONSTANT_CONVERSION = YES;
				CLANG_WARN_DIRECT_OBJC_ISA_USAGE = YES_ERROR;
				CLANG_WARN_DOCUMENTATION_COMMENTS = YES;
				CLANG_WARN_EMPTY_BODY = YES;
				CLANG_WARN_ENUM_CONVERSION = YES;
				CLANG_WARN_INFINITE_RECURSION = YES;
				CLANG_WARN_INT_CONVERSION = YES;
				CLANG_WARN_OBJC_ROOT_CLASS = YES_ERROR;
				CLANG_WARN_SUSPICIOUS_MOVE = YES;
				CLANG_WARN_UNREACHABLE_CODE = YES;
				CLANG_WARN__DUPLICATE_METHOD_MATCH = YES;
				"CODE_SIGN_IDENTITY[sdk=iphoneos*]" = "iPhone Developer";
				COPY_PHASE_STRIP = NO;
				DEBUG_INFORMATION_FORMAT = dwarf;
				ENABLE_STRICT_OBJC_MSGSEND = YES;
				ENABLE_TESTABILITY = YES;
				GCC_C_LANGUAGE_STANDARD = gnu99;
				GCC_DYNAMIC_NO_PIC = NO;
				GCC_NO_COMMON_BLOCKS = YES;
				GCC_OPTIMIZATION_LEVEL = 0;
				GCC_PREPROCESSOR_DEFINITIONS = (
					"DEBUG=1",
					"$(inherited)",
				);
				GCC_WARN_64_TO_32_BIT_CONVERSION = YES;
				GCC_WARN_ABOUT_RETURN_TYPE = YES_ERROR;
				GCC_WARN_UNDECLARED_SELECTOR = YES;
				GCC_WARN_UNINITIALIZED_AUTOS = YES_AGGRESSIVE;
				GCC_WARN_UNUSED_FUNCTION = YES;
				GCC_WARN_UNUSED_VARIABLE = YES;
				IPHONEOS_DEPLOYMENT_TARGET = 10.3;
				MTL_ENABLE_DEBUG_INFO = YES;
				ONLY_ACTIVE_ARCH = YES;
				SDKROOT = iphoneos;
				TARGETED_DEVICE_FAMILY = "1,2";
			};
			name = Debug;
		};
		1CD32A111F073A4700858A6D /* Release */ = {
			isa = XCBuildConfiguration;
			buildSettings = {
				ALWAYS_SEARCH_USER_PATHS = NO;
				CLANG_ANALYZER_NONNULL = YES;
				CLANG_ANALYZER_NUMBER_OBJECT_CONVERSION = YES_AGGRESSIVE;
				CLANG_CXX_LANGUAGE_STANDARD = "gnu++0x";
				CLANG_CXX_LIBRARY = "libc++";
				CLANG_ENABLE_MODULES = YES;
				CLANG_ENABLE_OBJC_ARC = YES;
				CLANG_WARN_BOOL_CONVERSION = YES;
				CLANG_WARN_CONSTANT_CONVERSION = YES;
				CLANG_WARN_DIRECT_OBJC_ISA_USAGE = YES_ERROR;
				CLANG_WARN_DOCUMENTATION_COMMENTS = YES;
				CLANG_WARN_EMPTY_BODY = YES;
				CLANG_WARN_ENUM_CONVERSION = YES;
				CLANG_WARN_INFINITE_RECURSION = YES;
				CLANG_WARN_INT_CONVERSION = YES;
				CLANG_WARN_OBJC_ROOT_CLASS = YES_ERROR;
				CLANG_WARN_SUSPICIOUS_MOVE = YES;
				CLANG_WARN_UNREACHABLE_CODE = YES;
				CLANG_WARN__DUPLICATE_METHOD_MATCH = YES;
				"CODE_SIGN_IDENTITY[sdk=iphoneos*]" = "iPhone Developer";
				COPY_PHASE_STRIP = NO;
				DEBUG_INFORMATION_FORMAT = "dwarf-with-dsym";
				ENABLE_NS_ASSERTIONS = NO;
				ENABLE_STRICT_OBJC_MSGSEND = YES;
				GCC_C_LANGUAGE_STANDARD = gnu99;
				GCC_NO_COMMON_BLOCKS = YES;
				GCC_WARN_64_TO_32_BIT_CONVERSION = YES;
				GCC_WARN_ABOUT_RETURN_TYPE = YES_ERROR;
				GCC_WARN_UNDECLARED_SELECTOR = YES;
				GCC_WARN_UNINITIALIZED_AUTOS = YES_AGGRESSIVE;
				GCC_WARN_UNUSED_FUNCTION = YES;
				GCC_WARN_UNUSED_VARIABLE = YES;
				IPHONEOS_DEPLOYMENT_TARGET = 10.3;
				MTL_ENABLE_DEBUG_INFO = NO;
				SDKROOT = iphoneos;
				TARGETED_DEVICE_FAMILY = "1,2";
				VALIDATE_PRODUCT = YES;
			};
			name = Release;
		};
		1CD32A131F073A4700858A6D /* Debug */ = {
			isa = XCBuildConfiguration;
			baseConfigurationReference = 60B2659B283112893F5AA471 /* Pods-YelpStudy.debug.xcconfig */;
			buildSettings = {
				ASSETCATALOG_COMPILER_APPICON_NAME = AppIcon;
				INFOPLIST_FILE = YelpStudy/Info.plist;
				LD_RUNPATH_SEARCH_PATHS = "$(inherited) @executable_path/Frameworks";
				PRODUCT_BUNDLE_IDENTIFIER = Jianchu.YelpStudy;
				PRODUCT_NAME = "$(TARGET_NAME)";
			};
			name = Debug;
		};
		1CD32A141F073A4700858A6D /* Release */ = {
			isa = XCBuildConfiguration;
			baseConfigurationReference = E7A4E5300831B71362E828C8 /* Pods-YelpStudy.release.xcconfig */;
			buildSettings = {
				ASSETCATALOG_COMPILER_APPICON_NAME = AppIcon;
				INFOPLIST_FILE = YelpStudy/Info.plist;
				LD_RUNPATH_SEARCH_PATHS = "$(inherited) @executable_path/Frameworks";
				PRODUCT_BUNDLE_IDENTIFIER = Jianchu.YelpStudy;
				PRODUCT_NAME = "$(TARGET_NAME)";
			};
			name = Release;
		};
		1CD32A161F073A4700858A6D /* Debug */ = {
			isa = XCBuildConfiguration;
			buildSettings = {
				BUNDLE_LOADER = "$(TEST_HOST)";
				INFOPLIST_FILE = YelpStudyTests/Info.plist;
				LD_RUNPATH_SEARCH_PATHS = "$(inherited) @executable_path/Frameworks @loader_path/Frameworks";
				PRODUCT_BUNDLE_IDENTIFIER = Jianchu.YelpStudyTests;
				PRODUCT_NAME = "$(TARGET_NAME)";
				TEST_HOST = "$(BUILT_PRODUCTS_DIR)/YelpStudy.app/YelpStudy";
			};
			name = Debug;
		};
		1CD32A171F073A4700858A6D /* Release */ = {
			isa = XCBuildConfiguration;
			buildSettings = {
				BUNDLE_LOADER = "$(TEST_HOST)";
				INFOPLIST_FILE = YelpStudyTests/Info.plist;
				LD_RUNPATH_SEARCH_PATHS = "$(inherited) @executable_path/Frameworks @loader_path/Frameworks";
				PRODUCT_BUNDLE_IDENTIFIER = Jianchu.YelpStudyTests;
				PRODUCT_NAME = "$(TARGET_NAME)";
				TEST_HOST = "$(BUILT_PRODUCTS_DIR)/YelpStudy.app/YelpStudy";
			};
			name = Release;
		};
		1CD32A191F073A4700858A6D /* Debug */ = {
			isa = XCBuildConfiguration;
			buildSettings = {
				INFOPLIST_FILE = YelpStudyUITests/Info.plist;
				LD_RUNPATH_SEARCH_PATHS = "$(inherited) @executable_path/Frameworks @loader_path/Frameworks";
				PRODUCT_BUNDLE_IDENTIFIER = Jianchu.YelpStudyUITests;
				PRODUCT_NAME = "$(TARGET_NAME)";
				TEST_TARGET_NAME = YelpStudy;
			};
			name = Debug;
		};
		1CD32A1A1F073A4700858A6D /* Release */ = {
			isa = XCBuildConfiguration;
			buildSettings = {
				INFOPLIST_FILE = YelpStudyUITests/Info.plist;
				LD_RUNPATH_SEARCH_PATHS = "$(inherited) @executable_path/Frameworks @loader_path/Frameworks";
				PRODUCT_BUNDLE_IDENTIFIER = Jianchu.YelpStudyUITests;
				PRODUCT_NAME = "$(TARGET_NAME)";
				TEST_TARGET_NAME = YelpStudy;
			};
			name = Release;
		};
/* End XCBuildConfiguration section */

/* Begin XCConfigurationList section */
		1CD329E01F073A4600858A6D /* Build configuration list for PBXProject "YelpStudy" */ = {
			isa = XCConfigurationList;
			buildConfigurations = (
				1CD32A101F073A4700858A6D /* Debug */,
				1CD32A111F073A4700858A6D /* Release */,
			);
			defaultConfigurationIsVisible = 0;
			defaultConfigurationName = Release;
		};
		1CD32A121F073A4700858A6D /* Build configuration list for PBXNativeTarget "YelpStudy" */ = {
			isa = XCConfigurationList;
			buildConfigurations = (
				1CD32A131F073A4700858A6D /* Debug */,
				1CD32A141F073A4700858A6D /* Release */,
			);
			defaultConfigurationIsVisible = 0;
			defaultConfigurationName = Release;
		};
		1CD32A151F073A4700858A6D /* Build configuration list for PBXNativeTarget "YelpStudyTests" */ = {
			isa = XCConfigurationList;
			buildConfigurations = (
				1CD32A161F073A4700858A6D /* Debug */,
				1CD32A171F073A4700858A6D /* Release */,
			);
			defaultConfigurationIsVisible = 0;
			defaultConfigurationName = Release;
		};
		1CD32A181F073A4700858A6D /* Build configuration list for PBXNativeTarget "YelpStudyUITests" */ = {
			isa = XCConfigurationList;
			buildConfigurations = (
				1CD32A191F073A4700858A6D /* Debug */,
				1CD32A1A1F073A4700858A6D /* Release */,
			);
			defaultConfigurationIsVisible = 0;
			defaultConfigurationName = Release;
		};
/* End XCConfigurationList section */
	};
	rootObject = 1CD329DD1F073A4600858A6D /* Project object */;
}
